
Microsoft Visual Studio Solution File, Format Version 12.00
# Visual Studio 14
VisualStudioVersion = 14.0.23107.0
MinimumVisualStudioVersion = 10.0.40219.1
Project("{F2A71F9B-5D33-465A-A702-920D77279786}") = "Alib", "Alib\Alib.fsproj", "{BF14938C-97A5-4773-83D4-71E2E7423C2B}"
EndProject
Project("{F2A71F9B-5D33-465A-A702-920D77279786}") = "AlibTest", "AlibTest\AlibTest.fsproj", "{ED4AB5BB-A6AA-4246-83EB-AD606EABE792}"
EndProject
Global
	GlobalSection(SolutionConfigurationPlatforms) = preSolution
		Debug|Any CPU = Debug|Any CPU
		Release|Any CPU = Release|Any CPU
	EndGlobalSection
	GlobalSection(ProjectConfigurationPlatforms) = postSolution
		{BF14938C-97A5-4773-83D4-71E2E7423C2B}.Debug|Any CPU.ActiveCfg = Debug|Any CPU
		{BF14938C-97A5-4773-83D4-71E2E7423C2B}.Debug|Any CPU.Build.0 = Debug|Any CPU
		{BF14938C-97A5-4773-83D4-71E2E7423C2B}.Release|Any CPU.ActiveCfg = Release|Any CPU
		{BF14938C-97A5-4773-83D4-71E2E7423C2B}.Release|Any CPU.Build.0 = Release|Any CPU
		{ED4AB5BB-A6AA-4246-83EB-AD606EABE792}.Debug|Any CPU.ActiveCfg = Debug|Any CPU
		{ED4AB5BB-A6AA-4246-83EB-AD606EABE792}.Debug|Any CPU.Build.0 = Debug|Any CPU
		{ED4AB5BB-A6AA-4246-83EB-AD606EABE792}.Release|Any CPU.ActiveCfg = Release|Any CPU
		{ED4AB5BB-A6AA-4246-83EB-AD606EABE792}.Release|Any CPU.Build.0 = Release|Any CPU
	EndGlobalSection
	GlobalSection(SolutionProperties) = preSolution
		HideSolutionNode = FALSE
	EndGlobalSection
EndGlobal
